
Microsoft Visual Studio Solution File, Format Version 12.00
# Visual Studio Version 16
VisualStudioVersion = 16.0.31515.178
MinimumVisualStudioVersion = 10.0.40219.1
Project("{9A19103F-16F7-4668-BE54-9A1E7A4F7556}") = "BasicLambda", "BasicLambda\BasicLambda.csproj", "{C0006969-9EF7-4C81-AC3F-FA50F90400D2}"
EndProject
Global
	GlobalSection(SolutionConfigurationPlatforms) = preSolution
		Debug|Any CPU = Debug|Any CPU
		Release|Any CPU = Release|Any CPU
	EndGlobalSection
	GlobalSection(ProjectConfigurationPlatforms) = postSolution
		{C0006969-9EF7-4C81-AC3F-FA50F90400D2}.Debug|Any CPU.ActiveCfg = Debug|Any CPU
		{C0006969-9EF7-4C81-AC3F-FA50F90400D2}.Debug|Any CPU.Build.0 = Debug|Any CPU
		{C0006969-9EF7-4C81-AC3F-FA50F90400D2}.Release|Any CPU.ActiveCfg = Release|Any CPU
		{C0006969-9EF7-4C81-AC3F-FA50F90400D2}.Release|Any CPU.Build.0 = Release|Any CPU
	EndGlobalSection
	GlobalSection(SolutionProperties) = preSolution
		HideSolutionNode = FALSE
	EndGlobalSection
	GlobalSection(ExtensibilityGlobals) = postSolution
		SolutionGuid = {570680A7-1C48-4814-A97B-8BE6F4308F71}
	EndGlobalSection
EndGlobal
